
Microsoft Visual Studio Solution File, Format Version 12.00
# Visual Studio 2013
VisualStudioVersion = 12.0.21005.1
MinimumVisualStudioVersion = 10.0.40219.1
Project("{FAE04EC0-301F-11D3-BF4B-00C04F79EFBC}") = "2001215640_DinhThiTuyetChinh_KT02", "2001215640_DinhThiTuyetChinh_KT02\2001215640_DinhThiTuyetChinh_KT02.csproj", "{CBEED649-0D2C-4A25-AE10-159E4368D003}"
EndProject
Project("{FAE04EC0-301F-11D3-BF4B-00C04F79EFBC}") = "BLL", "BLL\BLL.csproj", "{6D4A5913-51C4-4617-89D2-19AC3189CB62}"
EndProject
Project("{FAE04EC0-301F-11D3-BF4B-00C04F79EFBC}") = "DAL", "DAL\DAL.csproj", "{2A363F13-88CB-4196-8905-37BCF151E185}"
EndProject
Project("{FAE04EC0-301F-11D3-BF4B-00C04F79EFBC}") = "DTO", "DTO\DTO.csproj", "{3B27BC11-3FF0-4793-AD6B-AAAB9B1A6CEC}"
EndProject
Global
	GlobalSection(SolutionConfigurationPlatforms) = preSolution
		Debug|Any CPU = Debug|Any CPU
		Release|Any CPU = Release|Any CPU
	EndGlobalSection
	GlobalSection(ProjectConfigurationPlatforms) = postSolution
		{CBEED649-0D2C-4A25-AE10-159E4368D003}.Debug|Any CPU.ActiveCfg = Debug|Any CPU
		{CBEED649-0D2C-4A25-AE10-159E4368D003}.Debug|Any CPU.Build.0 = Debug|Any CPU
		{CBEED649-0D2C-4A25-AE10-159E4368D003}.Release|Any CPU.ActiveCfg = Release|Any CPU
		{CBEED649-0D2C-4A25-AE10-159E4368D003}.Release|Any CPU.Build.0 = Release|Any CPU
		{6D4A5913-51C4-4617-89D2-19AC3189CB62}.Debug|Any CPU.ActiveCfg = Debug|Any CPU
		{6D4A5913-51C4-4617-89D2-19AC3189CB62}.Debug|Any CPU.Build.0 = Debug|Any CPU
		{6D4A5913-51C4-4617-89D2-19AC3189CB62}.Release|Any CPU.ActiveCfg = Release|Any CPU
		{6D4A5913-51C4-4617-89D2-19AC3189CB62}.Release|Any CPU.Build.0 = Release|Any CPU
		{2A363F13-88CB-4196-8905-37BCF151E185}.Debug|Any CPU.ActiveCfg = Debug|Any CPU
		{2A363F13-88CB-4196-8905-37BCF151E185}.Debug|Any CPU.Build.0 = Debug|Any CPU
		{2A363F13-88CB-4196-8905-37BCF151E185}.Release|Any CPU.ActiveCfg = Release|Any CPU
		{2A363F13-88CB-4196-8905-37BCF151E185}.Release|Any CPU.Build.0 = Release|Any CPU
		{3B27BC11-3FF0-4793-AD6B-AAAB9B1A6CEC}.Debug|Any CPU.ActiveCfg = Debug|Any CPU
		{3B27BC11-3FF0-4793-AD6B-AAAB9B1A6CEC}.Debug|Any CPU.Build.0 = Debug|Any CPU
		{3B27BC11-3FF0-4793-AD6B-AAAB9B1A6CEC}.Release|Any CPU.ActiveCfg = Release|Any CPU
		{3B27BC11-3FF0-4793-AD6B-AAAB9B1A6CEC}.Release|Any CPU.Build.0 = Release|Any CPU
	EndGlobalSection
	GlobalSection(SolutionProperties) = preSolution
		HideSolutionNode = FALSE
	EndGlobalSection
EndGlobal
