
Microsoft Visual Studio Solution File, Format Version 12.00
# Visual Studio 2013
VisualStudioVersion = 12.0.21005.1
MinimumVisualStudioVersion = 10.0.40219.1
Project("{FAE04EC0-301F-11D3-BF4B-00C04F79EFBC}") = "GUI", "Buoi08\GUI.csproj", "{289D7B51-978F-438F-BFE2-A0351308A297}"
EndProject
Project("{FAE04EC0-301F-11D3-BF4B-00C04F79EFBC}") = "DAL", "DAL\DAL.csproj", "{D3A39721-476C-40AC-9756-866BBA55BEBD}"
EndProject
Project("{FAE04EC0-301F-11D3-BF4B-00C04F79EFBC}") = "BLL", "BLL\BLL.csproj", "{7C5C9423-0665-4996-BC85-2E76B464CD7E}"
EndProject
Project("{FAE04EC0-301F-11D3-BF4B-00C04F79EFBC}") = "DTO", "DTO\DTO.csproj", "{C981A59A-3550-45DC-B178-176EB3ADCF8E}"
EndProject
Global
	GlobalSection(SolutionConfigurationPlatforms) = preSolution
		Debug|Any CPU = Debug|Any CPU
		Release|Any CPU = Release|Any CPU
	EndGlobalSection
	GlobalSection(ProjectConfigurationPlatforms) = postSolution
		{289D7B51-978F-438F-BFE2-A0351308A297}.Debug|Any CPU.ActiveCfg = Debug|Any CPU
		{289D7B51-978F-438F-BFE2-A0351308A297}.Debug|Any CPU.Build.0 = Debug|Any CPU
		{289D7B51-978F-438F-BFE2-A0351308A297}.Release|Any CPU.ActiveCfg = Release|Any CPU
		{289D7B51-978F-438F-BFE2-A0351308A297}.Release|Any CPU.Build.0 = Release|Any CPU
		{D3A39721-476C-40AC-9756-866BBA55BEBD}.Debug|Any CPU.ActiveCfg = Debug|Any CPU
		{D3A39721-476C-40AC-9756-866BBA55BEBD}.Debug|Any CPU.Build.0 = Debug|Any CPU
		{D3A39721-476C-40AC-9756-866BBA55BEBD}.Release|Any CPU.ActiveCfg = Release|Any CPU
		{D3A39721-476C-40AC-9756-866BBA55BEBD}.Release|Any CPU.Build.0 = Release|Any CPU
		{7C5C9423-0665-4996-BC85-2E76B464CD7E}.Debug|Any CPU.ActiveCfg = Debug|Any CPU
		{7C5C9423-0665-4996-BC85-2E76B464CD7E}.Debug|Any CPU.Build.0 = Debug|Any CPU
		{7C5C9423-0665-4996-BC85-2E76B464CD7E}.Release|Any CPU.ActiveCfg = Release|Any CPU
		{7C5C9423-0665-4996-BC85-2E76B464CD7E}.Release|Any CPU.Build.0 = Release|Any CPU
		{C981A59A-3550-45DC-B178-176EB3ADCF8E}.Debug|Any CPU.ActiveCfg = Debug|Any CPU
		{C981A59A-3550-45DC-B178-176EB3ADCF8E}.Debug|Any CPU.Build.0 = Debug|Any CPU
		{C981A59A-3550-45DC-B178-176EB3ADCF8E}.Release|Any CPU.ActiveCfg = Release|Any CPU
		{C981A59A-3550-45DC-B178-176EB3ADCF8E}.Release|Any CPU.Build.0 = Release|Any CPU
	EndGlobalSection
	GlobalSection(SolutionProperties) = preSolution
		HideSolutionNode = FALSE
	EndGlobalSection
EndGlobal
