
Microsoft Visual Studio Solution File, Format Version 12.00
# Visual Studio 2013
VisualStudioVersion = 12.0.21005.1
MinimumVisualStudioVersion = 10.0.40219.1
Project("{FAE04EC0-301F-11D3-BF4B-00C04F79EFBC}") = "B13", "B13\B13.csproj", "{5CE9F1DA-85E3-4408-8178-F8570746EE8A}"
EndProject
Project("{FAE04EC0-301F-11D3-BF4B-00C04F79EFBC}") = "DAL", "DAL\DAL.csproj", "{05387049-5C4A-431A-9FDC-7EEAB19724CE}"
EndProject
Global
	GlobalSection(SolutionConfigurationPlatforms) = preSolution
		Debug|Any CPU = Debug|Any CPU
		Release|Any CPU = Release|Any CPU
	EndGlobalSection
	GlobalSection(ProjectConfigurationPlatforms) = postSolution
		{5CE9F1DA-85E3-4408-8178-F8570746EE8A}.Debug|Any CPU.ActiveCfg = Debug|Any CPU
		{5CE9F1DA-85E3-4408-8178-F8570746EE8A}.Debug|Any CPU.Build.0 = Debug|Any CPU
		{5CE9F1DA-85E3-4408-8178-F8570746EE8A}.Release|Any CPU.ActiveCfg = Release|Any CPU
		{5CE9F1DA-85E3-4408-8178-F8570746EE8A}.Release|Any CPU.Build.0 = Release|Any CPU
		{05387049-5C4A-431A-9FDC-7EEAB19724CE}.Debug|Any CPU.ActiveCfg = Debug|Any CPU
		{05387049-5C4A-431A-9FDC-7EEAB19724CE}.Debug|Any CPU.Build.0 = Debug|Any CPU
		{05387049-5C4A-431A-9FDC-7EEAB19724CE}.Release|Any CPU.ActiveCfg = Release|Any CPU
		{05387049-5C4A-431A-9FDC-7EEAB19724CE}.Release|Any CPU.Build.0 = Release|Any CPU
	EndGlobalSection
	GlobalSection(SolutionProperties) = preSolution
		HideSolutionNode = FALSE
	EndGlobalSection
EndGlobal
